// !$*UTF8*$!
{
	archiveVersion = 1;
	classes = {
	};
	objectVersion = 55;
	objects = {

/* Begin PBXBuildFile section */
		04281FF62899BD7F00026382 /* grid_ios.framework in Frameworks */ = {isa = PBXBuildFile; fileRef = 04281FED2899BD7F00026382 /* grid_ios.framework */; };
		04281FFC2899BD7F00026382 /* grid_ios.h in Headers */ = {isa = PBXBuildFile; fileRef = 04281FF02899BD7F00026382 /* grid_ios.h */; settings = {ATTRIBUTES = (Public, ); }; };
		0428200A289A9B8200026382 /* Point.swift in Sources */ = {isa = PBXBuildFile; fileRef = 04282009289A9B8200026382 /* Point.swift */; };
		0428200D289AA16B00026382 /* Unit.swift in Sources */ = {isa = PBXBuildFile; fileRef = 0428200C289AA16B00026382 /* Unit.swift */; };
		0428200F289AB2D000026382 /* GridError.swift in Sources */ = {isa = PBXBuildFile; fileRef = 0428200E289AB2D000026382 /* GridError.swift */; };
		04282011289AC47400026382 /* Pixel.swift in Sources */ = {isa = PBXBuildFile; fileRef = 04282010289AC47400026382 /* Pixel.swift */; };
		04282013289AC5CF00026382 /* PixelRange.swift in Sources */ = {isa = PBXBuildFile; fileRef = 04282012289AC5CF00026382 /* PixelRange.swift */; };
		04282015289AC85A00026382 /* GridTile.swift in Sources */ = {isa = PBXBuildFile; fileRef = 04282014289AC85A00026382 /* GridTile.swift */; };
		04282017289ACA3B00026382 /* Bounds.swift in Sources */ = {isa = PBXBuildFile; fileRef = 04282016289ACA3B00026382 /* Bounds.swift */; };
		04282019289BF4CE00026382 /* Line.swift in Sources */ = {isa = PBXBuildFile; fileRef = 04282018289BF4CE00026382 /* Line.swift */; };
		0428201B289C0E6100026382 /* GridUtils.swift in Sources */ = {isa = PBXBuildFile; fileRef = 0428201A289C0E6100026382 /* GridUtils.swift */; };
		0428201D289C44AF00026382 /* GridConstants.swift in Sources */ = {isa = PBXBuildFile; fileRef = 0428201C289C44AF00026382 /* GridConstants.swift */; };
		04282020289C651A00026382 /* PointTestCase.swift in Sources */ = {isa = PBXBuildFile; fileRef = 0428201F289C651A00026382 /* PointTestCase.swift */; };
		04282022289D481500026382 /* PropertyConstants.swift in Sources */ = {isa = PBXBuildFile; fileRef = 04282021289D481500026382 /* PropertyConstants.swift */; };
		04282024289D4B2C00026382 /* GridProperties.swift in Sources */ = {isa = PBXBuildFile; fileRef = 04282023289D4B2C00026382 /* GridProperties.swift */; };
		04282026289D970700026382 /* Hemisphere.swift in Sources */ = {isa = PBXBuildFile; fileRef = 04282025289D970700026382 /* Hemisphere.swift */; };
		04282028289D9AFC00026382 /* Label.swift in Sources */ = {isa = PBXBuildFile; fileRef = 04282027289D9AFC00026382 /* Label.swift */; };
		0428202A289DA41700026382 /* GridStyle.swift in Sources */ = {isa = PBXBuildFile; fileRef = 04282029289DA41700026382 /* GridStyle.swift */; };
		0428202C289DB5DE00026382 /* Labeler.swift in Sources */ = {isa = PBXBuildFile; fileRef = 0428202B289DB5DE00026382 /* Labeler.swift */; };
		0428202E28A1242B00026382 /* BaseGrid.swift in Sources */ = {isa = PBXBuildFile; fileRef = 0428202D28A1242B00026382 /* BaseGrid.swift */; };
		0428203028A1454D00026382 /* BaseZoomGrids.swift in Sources */ = {isa = PBXBuildFile; fileRef = 0428202F28A1454D00026382 /* BaseZoomGrids.swift */; };
		0428203228A155C900026382 /* BaseGrids.swift in Sources */ = {isa = PBXBuildFile; fileRef = 0428203128A155C900026382 /* BaseGrids.swift */; };
		0B7C2DAABE127728CFB6C6CB /* Pods_grid_ios_grid_iosTests.framework in Frameworks */ = {isa = PBXBuildFile; fileRef = FB5142358B0030EE5EEA5031 /* Pods_grid_ios_grid_iosTests.framework */; };
		50B9B0B1E086FD5500D745EB /* Pods_grid_ios.framework in Frameworks */ = {isa = PBXBuildFile; fileRef = 4EBD562A1B4FB562124BAC61 /* Pods_grid_ios.framework */; };
/* End PBXBuildFile section */

/* Begin PBXContainerItemProxy section */
		04281FF72899BD7F00026382 /* PBXContainerItemProxy */ = {
			isa = PBXContainerItemProxy;
			containerPortal = 04281FE42899BD7F00026382 /* Project object */;
			proxyType = 1;
			remoteGlobalIDString = 04281FEC2899BD7F00026382;
			remoteInfo = "grid-ios";
		};
/* End PBXContainerItemProxy section */

/* Begin PBXFileReference section */
		04281FED2899BD7F00026382 /* grid_ios.framework */ = {isa = PBXFileReference; explicitFileType = wrapper.framework; includeInIndex = 0; path = grid_ios.framework; sourceTree = BUILT_PRODUCTS_DIR; };
		04281FF02899BD7F00026382 /* grid_ios.h */ = {isa = PBXFileReference; lastKnownFileType = sourcecode.c.h; path = grid_ios.h; sourceTree = "<group>"; };
		04281FF52899BD7F00026382 /* grid-iosTests.xctest */ = {isa = PBXFileReference; explicitFileType = wrapper.cfbundle; includeInIndex = 0; path = "grid-iosTests.xctest"; sourceTree = BUILT_PRODUCTS_DIR; };
		04282009289A9B8200026382 /* Point.swift */ = {isa = PBXFileReference; lastKnownFileType = sourcecode.swift; path = Point.swift; sourceTree = "<group>"; };
		0428200C289AA16B00026382 /* Unit.swift */ = {isa = PBXFileReference; lastKnownFileType = sourcecode.swift; path = Unit.swift; sourceTree = "<group>"; };
		0428200E289AB2D000026382 /* GridError.swift */ = {isa = PBXFileReference; lastKnownFileType = sourcecode.swift; path = GridError.swift; sourceTree = "<group>"; };
		04282010289AC47400026382 /* Pixel.swift */ = {isa = PBXFileReference; lastKnownFileType = sourcecode.swift; path = Pixel.swift; sourceTree = "<group>"; };
		04282012289AC5CF00026382 /* PixelRange.swift */ = {isa = PBXFileReference; lastKnownFileType = sourcecode.swift; path = PixelRange.swift; sourceTree = "<group>"; };
		04282014289AC85A00026382 /* GridTile.swift */ = {isa = PBXFileReference; lastKnownFileType = sourcecode.swift; path = GridTile.swift; sourceTree = "<group>"; };
		04282016289ACA3B00026382 /* Bounds.swift */ = {isa = PBXFileReference; lastKnownFileType = sourcecode.swift; path = Bounds.swift; sourceTree = "<group>"; };
		04282018289BF4CE00026382 /* Line.swift */ = {isa = PBXFileReference; lastKnownFileType = sourcecode.swift; path = Line.swift; sourceTree = "<group>"; };
		0428201A289C0E6100026382 /* GridUtils.swift */ = {isa = PBXFileReference; lastKnownFileType = sourcecode.swift; path = GridUtils.swift; sourceTree = "<group>"; };
		0428201C289C44AF00026382 /* GridConstants.swift */ = {isa = PBXFileReference; lastKnownFileType = sourcecode.swift; path = GridConstants.swift; sourceTree = "<group>"; };
		0428201F289C651A00026382 /* PointTestCase.swift */ = {isa = PBXFileReference; lastKnownFileType = sourcecode.swift; path = PointTestCase.swift; sourceTree = "<group>"; };
		04282021289D481500026382 /* PropertyConstants.swift */ = {isa = PBXFileReference; lastKnownFileType = sourcecode.swift; path = PropertyConstants.swift; sourceTree = "<group>"; };
		04282023289D4B2C00026382 /* GridProperties.swift */ = {isa = PBXFileReference; lastKnownFileType = sourcecode.swift; path = GridProperties.swift; sourceTree = "<group>"; };
		04282025289D970700026382 /* Hemisphere.swift */ = {isa = PBXFileReference; lastKnownFileType = sourcecode.swift; path = Hemisphere.swift; sourceTree = "<group>"; };
		04282027289D9AFC00026382 /* Label.swift */ = {isa = PBXFileReference; lastKnownFileType = sourcecode.swift; path = Label.swift; sourceTree = "<group>"; };
		04282029289DA41700026382 /* GridStyle.swift */ = {isa = PBXFileReference; lastKnownFileType = sourcecode.swift; path = GridStyle.swift; sourceTree = "<group>"; };
		0428202B289DB5DE00026382 /* Labeler.swift */ = {isa = PBXFileReference; lastKnownFileType = sourcecode.swift; path = Labeler.swift; sourceTree = "<group>"; };
		0428202D28A1242B00026382 /* BaseGrid.swift */ = {isa = PBXFileReference; lastKnownFileType = sourcecode.swift; path = BaseGrid.swift; sourceTree = "<group>"; };
		0428202F28A1454D00026382 /* BaseZoomGrids.swift */ = {isa = PBXFileReference; lastKnownFileType = sourcecode.swift; path = BaseZoomGrids.swift; sourceTree = "<group>"; };
		0428203128A155C900026382 /* BaseGrids.swift */ = {isa = PBXFileReference; lastKnownFileType = sourcecode.swift; path = BaseGrids.swift; sourceTree = "<group>"; };
		3295100FC695C71079321C28 /* Pods-grid-ios.release.xcconfig */ = {isa = PBXFileReference; includeInIndex = 1; lastKnownFileType = text.xcconfig; name = "Pods-grid-ios.release.xcconfig"; path = "Target Support Files/Pods-grid-ios/Pods-grid-ios.release.xcconfig"; sourceTree = "<group>"; };
		43F6D866DB2D2299E81BE1D4 /* Pods-grid-ios-grid-iosTests.debug.xcconfig */ = {isa = PBXFileReference; includeInIndex = 1; lastKnownFileType = text.xcconfig; name = "Pods-grid-ios-grid-iosTests.debug.xcconfig"; path = "Target Support Files/Pods-grid-ios-grid-iosTests/Pods-grid-ios-grid-iosTests.debug.xcconfig"; sourceTree = "<group>"; };
		449E8DB981E6CC3061EE3115 /* Pods-grid-iosTests.release.xcconfig */ = {isa = PBXFileReference; includeInIndex = 1; lastKnownFileType = text.xcconfig; name = "Pods-grid-iosTests.release.xcconfig"; path = "Target Support Files/Pods-grid-iosTests/Pods-grid-iosTests.release.xcconfig"; sourceTree = "<group>"; };
		4E9E5249E3C73D594F06BCAF /* Pods-grid-ios-grid-iosTests.release.xcconfig */ = {isa = PBXFileReference; includeInIndex = 1; lastKnownFileType = text.xcconfig; name = "Pods-grid-ios-grid-iosTests.release.xcconfig"; path = "Target Support Files/Pods-grid-ios-grid-iosTests/Pods-grid-ios-grid-iosTests.release.xcconfig"; sourceTree = "<group>"; };
		4EBD562A1B4FB562124BAC61 /* Pods_grid_ios.framework */ = {isa = PBXFileReference; explicitFileType = wrapper.framework; includeInIndex = 0; path = Pods_grid_ios.framework; sourceTree = BUILT_PRODUCTS_DIR; };
		92880B6C95E606EF80A8E4FC /* Pods-grid-iosTests.debug.xcconfig */ = {isa = PBXFileReference; includeInIndex = 1; lastKnownFileType = text.xcconfig; name = "Pods-grid-iosTests.debug.xcconfig"; path = "Target Support Files/Pods-grid-iosTests/Pods-grid-iosTests.debug.xcconfig"; sourceTree = "<group>"; };
		E851D60405F0F6192D5968E0 /* Pods-grid-ios.debug.xcconfig */ = {isa = PBXFileReference; includeInIndex = 1; lastKnownFileType = text.xcconfig; name = "Pods-grid-ios.debug.xcconfig"; path = "Target Support Files/Pods-grid-ios/Pods-grid-ios.debug.xcconfig"; sourceTree = "<group>"; };
		FB5142358B0030EE5EEA5031 /* Pods_grid_ios_grid_iosTests.framework */ = {isa = PBXFileReference; explicitFileType = wrapper.framework; includeInIndex = 0; path = Pods_grid_ios_grid_iosTests.framework; sourceTree = BUILT_PRODUCTS_DIR; };
/* End PBXFileReference section */

/* Begin PBXFrameworksBuildPhase section */
		04281FEA2899BD7F00026382 /* Frameworks */ = {
			isa = PBXFrameworksBuildPhase;
			buildActionMask = 2147483647;
			files = (
				50B9B0B1E086FD5500D745EB /* Pods_grid_ios.framework in Frameworks */,
			);
			runOnlyForDeploymentPostprocessing = 0;
		};
		04281FF22899BD7F00026382 /* Frameworks */ = {
			isa = PBXFrameworksBuildPhase;
			buildActionMask = 2147483647;
			files = (
				04281FF62899BD7F00026382 /* grid_ios.framework in Frameworks */,
				0B7C2DAABE127728CFB6C6CB /* Pods_grid_ios_grid_iosTests.framework in Frameworks */,
			);
			runOnlyForDeploymentPostprocessing = 0;
		};
/* End PBXFrameworksBuildPhase section */

/* Begin PBXGroup section */
		04281FE32899BD7F00026382 = {
			isa = PBXGroup;
			children = (
				04281FEF2899BD7F00026382 /* grid-ios */,
				04281FF92899BD7F00026382 /* grid-iosTests */,
				04281FEE2899BD7F00026382 /* Products */,
				893E1AC857AF11139CB60595 /* Pods */,
				6F74DC420EB3232760614D11 /* Frameworks */,
			);
			sourceTree = "<group>";
		};
		04281FEE2899BD7F00026382 /* Products */ = {
			isa = PBXGroup;
			children = (
				04281FED2899BD7F00026382 /* grid_ios.framework */,
				04281FF52899BD7F00026382 /* grid-iosTests.xctest */,
			);
			name = Products;
			sourceTree = "<group>";
		};
		04281FEF2899BD7F00026382 /* grid-ios */ = {
			isa = PBXGroup;
			children = (
				04281FF02899BD7F00026382 /* grid_ios.h */,
				0428202D28A1242B00026382 /* BaseGrid.swift */,
				0428203128A155C900026382 /* BaseGrids.swift */,
				0428202F28A1454D00026382 /* BaseZoomGrids.swift */,
				0428201C289C44AF00026382 /* GridConstants.swift */,
				0428200E289AB2D000026382 /* GridError.swift */,
				04282029289DA41700026382 /* GridStyle.swift */,
				0428201A289C0E6100026382 /* GridUtils.swift */,
				04282025289D970700026382 /* Hemisphere.swift */,
				04282027289D9AFC00026382 /* Label.swift */,
				0428202B289DB5DE00026382 /* Labeler.swift */,
				04282007289A9A8400026382 /* features */,
				04282006289A9A7900026382 /* property */,
				04282005289A9A6B00026382 /* tile */,
			);
			path = "grid-ios";
			sourceTree = "<group>";
		};
		04281FF92899BD7F00026382 /* grid-iosTests */ = {
			isa = PBXGroup;
			children = (
				0428201E289C64A500026382 /* features */,
			);
			path = "grid-iosTests";
			sourceTree = "<group>";
		};
		04282005289A9A6B00026382 /* tile */ = {
			isa = PBXGroup;
			children = (
				04282014289AC85A00026382 /* GridTile.swift */,
				04282010289AC47400026382 /* Pixel.swift */,
				04282012289AC5CF00026382 /* PixelRange.swift */,
			);
			path = tile;
			sourceTree = "<group>";
		};
		04282006289A9A7900026382 /* property */ = {
			isa = PBXGroup;
			children = (
				04282023289D4B2C00026382 /* GridProperties.swift */,
				04282021289D481500026382 /* PropertyConstants.swift */,
			);
			path = property;
			sourceTree = "<group>";
		};
		04282007289A9A8400026382 /* features */ = {
			isa = PBXGroup;
			children = (
				04282016289ACA3B00026382 /* Bounds.swift */,
				04282018289BF4CE00026382 /* Line.swift */,
				04282009289A9B8200026382 /* Point.swift */,
				0428200C289AA16B00026382 /* Unit.swift */,
			);
			path = features;
			sourceTree = "<group>";
		};
		0428201E289C64A500026382 /* features */ = {
			isa = PBXGroup;
			children = (
				0428201F289C651A00026382 /* PointTestCase.swift */,
			);
			path = features;
			sourceTree = "<group>";
		};
		6F74DC420EB3232760614D11 /* Frameworks */ = {
			isa = PBXGroup;
			children = (
				4EBD562A1B4FB562124BAC61 /* Pods_grid_ios.framework */,
				FB5142358B0030EE5EEA5031 /* Pods_grid_ios_grid_iosTests.framework */,
			);
			name = Frameworks;
			sourceTree = "<group>";
		};
		893E1AC857AF11139CB60595 /* Pods */ = {
			isa = PBXGroup;
			children = (
				E851D60405F0F6192D5968E0 /* Pods-grid-ios.debug.xcconfig */,
				3295100FC695C71079321C28 /* Pods-grid-ios.release.xcconfig */,
				43F6D866DB2D2299E81BE1D4 /* Pods-grid-ios-grid-iosTests.debug.xcconfig */,
				4E9E5249E3C73D594F06BCAF /* Pods-grid-ios-grid-iosTests.release.xcconfig */,
				92880B6C95E606EF80A8E4FC /* Pods-grid-iosTests.debug.xcconfig */,
				449E8DB981E6CC3061EE3115 /* Pods-grid-iosTests.release.xcconfig */,
			);
			path = Pods;
			sourceTree = "<group>";
		};
/* End PBXGroup section */

/* Begin PBXHeadersBuildPhase section */
		04281FE82899BD7F00026382 /* Headers */ = {
			isa = PBXHeadersBuildPhase;
			buildActionMask = 2147483647;
			files = (
				04281FFC2899BD7F00026382 /* grid_ios.h in Headers */,
			);
			runOnlyForDeploymentPostprocessing = 0;
		};
/* End PBXHeadersBuildPhase section */

/* Begin PBXNativeTarget section */
		04281FEC2899BD7F00026382 /* grid-ios */ = {
			isa = PBXNativeTarget;
			buildConfigurationList = 04281FFF2899BD7F00026382 /* Build configuration list for PBXNativeTarget "grid-ios" */;
			buildPhases = (
				B993E02F2C99A4D637D2A1D2 /* [CP] Check Pods Manifest.lock */,
				04281FE82899BD7F00026382 /* Headers */,
				04281FE92899BD7F00026382 /* Sources */,
				04281FEA2899BD7F00026382 /* Frameworks */,
				04281FEB2899BD7F00026382 /* Resources */,
			);
			buildRules = (
			);
			dependencies = (
			);
			name = "grid-ios";
			productName = "grid-ios";
			productReference = 04281FED2899BD7F00026382 /* grid_ios.framework */;
			productType = "com.apple.product-type.framework";
		};
		04281FF42899BD7F00026382 /* grid-iosTests */ = {
			isa = PBXNativeTarget;
			buildConfigurationList = 042820022899BD7F00026382 /* Build configuration list for PBXNativeTarget "grid-iosTests" */;
			buildPhases = (
				321F54B66A477D58A760C00E /* [CP] Check Pods Manifest.lock */,
				04281FF12899BD7F00026382 /* Sources */,
				04281FF22899BD7F00026382 /* Frameworks */,
				04281FF32899BD7F00026382 /* Resources */,
				581772FF1A5C069C867FD975 /* [CP] Embed Pods Frameworks */,
			);
			buildRules = (
			);
			dependencies = (
				04281FF82899BD7F00026382 /* PBXTargetDependency */,
			);
			name = "grid-iosTests";
			productName = "grid-iosTests";
			productReference = 04281FF52899BD7F00026382 /* grid-iosTests.xctest */;
			productType = "com.apple.product-type.bundle.unit-test";
		};
/* End PBXNativeTarget section */

/* Begin PBXProject section */
		04281FE42899BD7F00026382 /* Project object */ = {
			isa = PBXProject;
			attributes = {
				BuildIndependentTargetsInParallel = 1;
				LastSwiftUpdateCheck = 1340;
				LastUpgradeCheck = 1340;
				TargetAttributes = {
					04281FEC2899BD7F00026382 = {
						CreatedOnToolsVersion = 13.4.1;
						LastSwiftMigration = 1340;
					};
					04281FF42899BD7F00026382 = {
						CreatedOnToolsVersion = 13.4.1;
					};
				};
			};
			buildConfigurationList = 04281FE72899BD7F00026382 /* Build configuration list for PBXProject "grid-ios" */;
			compatibilityVersion = "Xcode 13.0";
			developmentRegion = en;
			hasScannedForEncodings = 0;
			knownRegions = (
				en,
				Base,
			);
			mainGroup = 04281FE32899BD7F00026382;
			productRefGroup = 04281FEE2899BD7F00026382 /* Products */;
			projectDirPath = "";
			projectRoot = "";
			targets = (
				04281FEC2899BD7F00026382 /* grid-ios */,
				04281FF42899BD7F00026382 /* grid-iosTests */,
			);
		};
/* End PBXProject section */

/* Begin PBXResourcesBuildPhase section */
		04281FEB2899BD7F00026382 /* Resources */ = {
			isa = PBXResourcesBuildPhase;
			buildActionMask = 2147483647;
			files = (
			);
			runOnlyForDeploymentPostprocessing = 0;
		};
		04281FF32899BD7F00026382 /* Resources */ = {
			isa = PBXResourcesBuildPhase;
			buildActionMask = 2147483647;
			files = (
			);
			runOnlyForDeploymentPostprocessing = 0;
		};
/* End PBXResourcesBuildPhase section */

/* Begin PBXShellScriptBuildPhase section */
		321F54B66A477D58A760C00E /* [CP] Check Pods Manifest.lock */ = {
			isa = PBXShellScriptBuildPhase;
			buildActionMask = 2147483647;
			files = (
			);
			inputFileListPaths = (
			);
			inputPaths = (
				"${PODS_PODFILE_DIR_PATH}/Podfile.lock",
				"${PODS_ROOT}/Manifest.lock",
			);
			name = "[CP] Check Pods Manifest.lock";
			outputFileListPaths = (
			);
			outputPaths = (
				"$(DERIVED_FILE_DIR)/Pods-grid-ios-grid-iosTests-checkManifestLockResult.txt",
			);
			runOnlyForDeploymentPostprocessing = 0;
			shellPath = /bin/sh;
			shellScript = "diff \"${PODS_PODFILE_DIR_PATH}/Podfile.lock\" \"${PODS_ROOT}/Manifest.lock\" > /dev/null\nif [ $? != 0 ] ; then\n    # print error to STDERR\n    echo \"error: The sandbox is not in sync with the Podfile.lock. Run 'pod install' or update your CocoaPods installation.\" >&2\n    exit 1\nfi\n# This output is used by Xcode 'outputs' to avoid re-running this script phase.\necho \"SUCCESS\" > \"${SCRIPT_OUTPUT_FILE_0}\"\n";
			showEnvVarsInLog = 0;
		};
		581772FF1A5C069C867FD975 /* [CP] Embed Pods Frameworks */ = {
			isa = PBXShellScriptBuildPhase;
			buildActionMask = 2147483647;
			files = (
			);
			inputFileListPaths = (
				"${PODS_ROOT}/Target Support Files/Pods-grid-ios-grid-iosTests/Pods-grid-ios-grid-iosTests-frameworks-${CONFIGURATION}-input-files.xcfilelist",
			);
			name = "[CP] Embed Pods Frameworks";
			outputFileListPaths = (
				"${PODS_ROOT}/Target Support Files/Pods-grid-ios-grid-iosTests/Pods-grid-ios-grid-iosTests-frameworks-${CONFIGURATION}-output-files.xcfilelist",
			);
			runOnlyForDeploymentPostprocessing = 0;
			shellPath = /bin/sh;
			shellScript = "\"${PODS_ROOT}/Target Support Files/Pods-grid-ios-grid-iosTests/Pods-grid-ios-grid-iosTests-frameworks.sh\"\n";
			showEnvVarsInLog = 0;
		};
		B993E02F2C99A4D637D2A1D2 /* [CP] Check Pods Manifest.lock */ = {
			isa = PBXShellScriptBuildPhase;
			buildActionMask = 2147483647;
			files = (
			);
			inputFileListPaths = (
			);
			inputPaths = (
				"${PODS_PODFILE_DIR_PATH}/Podfile.lock",
				"${PODS_ROOT}/Manifest.lock",
			);
			name = "[CP] Check Pods Manifest.lock";
			outputFileListPaths = (
			);
			outputPaths = (
				"$(DERIVED_FILE_DIR)/Pods-grid-ios-checkManifestLockResult.txt",
			);
			runOnlyForDeploymentPostprocessing = 0;
			shellPath = /bin/sh;
			shellScript = "diff \"${PODS_PODFILE_DIR_PATH}/Podfile.lock\" \"${PODS_ROOT}/Manifest.lock\" > /dev/null\nif [ $? != 0 ] ; then\n    # print error to STDERR\n    echo \"error: The sandbox is not in sync with the Podfile.lock. Run 'pod install' or update your CocoaPods installation.\" >&2\n    exit 1\nfi\n# This output is used by Xcode 'outputs' to avoid re-running this script phase.\necho \"SUCCESS\" > \"${SCRIPT_OUTPUT_FILE_0}\"\n";
			showEnvVarsInLog = 0;
		};
/* End PBXShellScriptBuildPhase section */

/* Begin PBXSourcesBuildPhase section */
		04281FE92899BD7F00026382 /* Sources */ = {
			isa = PBXSourcesBuildPhase;
			buildActionMask = 2147483647;
			files = (
				04282022289D481500026382 /* PropertyConstants.swift in Sources */,
				04282011289AC47400026382 /* Pixel.swift in Sources */,
				04282017289ACA3B00026382 /* Bounds.swift in Sources */,
				04282015289AC85A00026382 /* GridTile.swift in Sources */,
				0428201D289C44AF00026382 /* GridConstants.swift in Sources */,
				04282026289D970700026382 /* Hemisphere.swift in Sources */,
				0428200F289AB2D000026382 /* GridError.swift in Sources */,
				04282024289D4B2C00026382 /* GridProperties.swift in Sources */,
				0428200A289A9B8200026382 /* Point.swift in Sources */,
				0428203028A1454D00026382 /* BaseZoomGrids.swift in Sources */,
				0428202E28A1242B00026382 /* BaseGrid.swift in Sources */,
				04282019289BF4CE00026382 /* Line.swift in Sources */,
				0428200D289AA16B00026382 /* Unit.swift in Sources */,
				0428201B289C0E6100026382 /* GridUtils.swift in Sources */,
				04282028289D9AFC00026382 /* Label.swift in Sources */,
				04282013289AC5CF00026382 /* PixelRange.swift in Sources */,
				0428202A289DA41700026382 /* GridStyle.swift in Sources */,
				0428202C289DB5DE00026382 /* Labeler.swift in Sources */,
				0428203228A155C900026382 /* BaseGrids.swift in Sources */,
			);
			runOnlyForDeploymentPostprocessing = 0;
		};
		04281FF12899BD7F00026382 /* Sources */ = {
			isa = PBXSourcesBuildPhase;
			buildActionMask = 2147483647;
			files = (
				04282020289C651A00026382 /* PointTestCase.swift in Sources */,
			);
			runOnlyForDeploymentPostprocessing = 0;
		};
/* End PBXSourcesBuildPhase section */

/* Begin PBXTargetDependency section */
		04281FF82899BD7F00026382 /* PBXTargetDependency */ = {
			isa = PBXTargetDependency;
			target = 04281FEC2899BD7F00026382 /* grid-ios */;
			targetProxy = 04281FF72899BD7F00026382 /* PBXContainerItemProxy */;
		};
/* End PBXTargetDependency section */

/* Begin XCBuildConfiguration section */
		04281FFD2899BD7F00026382 /* Debug */ = {
			isa = XCBuildConfiguration;
			buildSettings = {
				ALWAYS_SEARCH_USER_PATHS = NO;
				CLANG_ANALYZER_NONNULL = YES;
				CLANG_ANALYZER_NUMBER_OBJECT_CONVERSION = YES_AGGRESSIVE;
				CLANG_CXX_LANGUAGE_STANDARD = "gnu++17";
				CLANG_ENABLE_MODULES = YES;
				CLANG_ENABLE_OBJC_ARC = YES;
				CLANG_ENABLE_OBJC_WEAK = YES;
				CLANG_WARN_BLOCK_CAPTURE_AUTORELEASING = YES;
				CLANG_WARN_BOOL_CONVERSION = YES;
				CLANG_WARN_COMMA = YES;
				CLANG_WARN_CONSTANT_CONVERSION = YES;
				CLANG_WARN_DEPRECATED_OBJC_IMPLEMENTATIONS = YES;
				CLANG_WARN_DIRECT_OBJC_ISA_USAGE = YES_ERROR;
				CLANG_WARN_DOCUMENTATION_COMMENTS = YES;
				CLANG_WARN_EMPTY_BODY = YES;
				CLANG_WARN_ENUM_CONVERSION = YES;
				CLANG_WARN_INFINITE_RECURSION = YES;
				CLANG_WARN_INT_CONVERSION = YES;
				CLANG_WARN_NON_LITERAL_NULL_CONVERSION = YES;
				CLANG_WARN_OBJC_IMPLICIT_RETAIN_SELF = YES;
				CLANG_WARN_OBJC_LITERAL_CONVERSION = YES;
				CLANG_WARN_OBJC_ROOT_CLASS = YES_ERROR;
				CLANG_WARN_QUOTED_INCLUDE_IN_FRAMEWORK_HEADER = YES;
				CLANG_WARN_RANGE_LOOP_ANALYSIS = YES;
				CLANG_WARN_STRICT_PROTOTYPES = YES;
				CLANG_WARN_SUSPICIOUS_MOVE = YES;
				CLANG_WARN_UNGUARDED_AVAILABILITY = YES_AGGRESSIVE;
				CLANG_WARN_UNREACHABLE_CODE = YES;
				CLANG_WARN__DUPLICATE_METHOD_MATCH = YES;
				COPY_PHASE_STRIP = NO;
				CURRENT_PROJECT_VERSION = 1;
				DEBUG_INFORMATION_FORMAT = dwarf;
				ENABLE_STRICT_OBJC_MSGSEND = YES;
				ENABLE_TESTABILITY = YES;
				GCC_C_LANGUAGE_STANDARD = gnu11;
				GCC_DYNAMIC_NO_PIC = NO;
				GCC_NO_COMMON_BLOCKS = YES;
				GCC_OPTIMIZATION_LEVEL = 0;
				GCC_PREPROCESSOR_DEFINITIONS = (
					"DEBUG=1",
					"$(inherited)",
				);
				GCC_WARN_64_TO_32_BIT_CONVERSION = YES;
				GCC_WARN_ABOUT_RETURN_TYPE = YES_ERROR;
				GCC_WARN_UNDECLARED_SELECTOR = YES;
				GCC_WARN_UNINITIALIZED_AUTOS = YES_AGGRESSIVE;
				GCC_WARN_UNUSED_FUNCTION = YES;
				GCC_WARN_UNUSED_VARIABLE = YES;
				IPHONEOS_DEPLOYMENT_TARGET = 12.0;
				MTL_ENABLE_DEBUG_INFO = INCLUDE_SOURCE;
				MTL_FAST_MATH = YES;
				ONLY_ACTIVE_ARCH = YES;
				SDKROOT = iphoneos;
				SWIFT_ACTIVE_COMPILATION_CONDITIONS = DEBUG;
				SWIFT_OPTIMIZATION_LEVEL = "-Onone";
				VERSIONING_SYSTEM = "apple-generic";
				VERSION_INFO_PREFIX = "";
			};
			name = Debug;
		};
		04281FFE2899BD7F00026382 /* Release */ = {
			isa = XCBuildConfiguration;
			buildSettings = {
				ALWAYS_SEARCH_USER_PATHS = NO;
				CLANG_ANALYZER_NONNULL = YES;
				CLANG_ANALYZER_NUMBER_OBJECT_CONVERSION = YES_AGGRESSIVE;
				CLANG_CXX_LANGUAGE_STANDARD = "gnu++17";
				CLANG_ENABLE_MODULES = YES;
				CLANG_ENABLE_OBJC_ARC = YES;
				CLANG_ENABLE_OBJC_WEAK = YES;
				CLANG_WARN_BLOCK_CAPTURE_AUTORELEASING = YES;
				CLANG_WARN_BOOL_CONVERSION = YES;
				CLANG_WARN_COMMA = YES;
				CLANG_WARN_CONSTANT_CONVERSION = YES;
				CLANG_WARN_DEPRECATED_OBJC_IMPLEMENTATIONS = YES;
				CLANG_WARN_DIRECT_OBJC_ISA_USAGE = YES_ERROR;
				CLANG_WARN_DOCUMENTATION_COMMENTS = YES;
				CLANG_WARN_EMPTY_BODY = YES;
				CLANG_WARN_ENUM_CONVERSION = YES;
				CLANG_WARN_INFINITE_RECURSION = YES;
				CLANG_WARN_INT_CONVERSION = YES;
				CLANG_WARN_NON_LITERAL_NULL_CONVERSION = YES;
				CLANG_WARN_OBJC_IMPLICIT_RETAIN_SELF = YES;
				CLANG_WARN_OBJC_LITERAL_CONVERSION = YES;
				CLANG_WARN_OBJC_ROOT_CLASS = YES_ERROR;
				CLANG_WARN_QUOTED_INCLUDE_IN_FRAMEWORK_HEADER = YES;
				CLANG_WARN_RANGE_LOOP_ANALYSIS = YES;
				CLANG_WARN_STRICT_PROTOTYPES = YES;
				CLANG_WARN_SUSPICIOUS_MOVE = YES;
				CLANG_WARN_UNGUARDED_AVAILABILITY = YES_AGGRESSIVE;
				CLANG_WARN_UNREACHABLE_CODE = YES;
				CLANG_WARN__DUPLICATE_METHOD_MATCH = YES;
				COPY_PHASE_STRIP = NO;
				CURRENT_PROJECT_VERSION = 1;
				DEBUG_INFORMATION_FORMAT = "dwarf-with-dsym";
				ENABLE_NS_ASSERTIONS = NO;
				ENABLE_STRICT_OBJC_MSGSEND = YES;
				GCC_C_LANGUAGE_STANDARD = gnu11;
				GCC_NO_COMMON_BLOCKS = YES;
				GCC_WARN_64_TO_32_BIT_CONVERSION = YES;
				GCC_WARN_ABOUT_RETURN_TYPE = YES_ERROR;
				GCC_WARN_UNDECLARED_SELECTOR = YES;
				GCC_WARN_UNINITIALIZED_AUTOS = YES_AGGRESSIVE;
				GCC_WARN_UNUSED_FUNCTION = YES;
				GCC_WARN_UNUSED_VARIABLE = YES;
				IPHONEOS_DEPLOYMENT_TARGET = 12.0;
				MTL_ENABLE_DEBUG_INFO = NO;
				MTL_FAST_MATH = YES;
				SDKROOT = iphoneos;
				SWIFT_COMPILATION_MODE = wholemodule;
				SWIFT_OPTIMIZATION_LEVEL = "-O";
				VALIDATE_PRODUCT = YES;
				VERSIONING_SYSTEM = "apple-generic";
				VERSION_INFO_PREFIX = "";
			};
			name = Release;
		};
		042820002899BD7F00026382 /* Debug */ = {
			isa = XCBuildConfiguration;
			baseConfigurationReference = E851D60405F0F6192D5968E0 /* Pods-grid-ios.debug.xcconfig */;
			buildSettings = {
				CLANG_ENABLE_MODULES = YES;
				CODE_SIGN_STYLE = Manual;
				CURRENT_PROJECT_VERSION = 1;
				DEFINES_MODULE = YES;
				DEVELOPMENT_TEAM = "";
				DYLIB_COMPATIBILITY_VERSION = 1;
				DYLIB_CURRENT_VERSION = 1;
				DYLIB_INSTALL_NAME_BASE = "@rpath";
				GENERATE_INFOPLIST_FILE = YES;
				INFOPLIST_KEY_NSHumanReadableCopyright = "";
				INSTALL_PATH = "$(LOCAL_LIBRARY_DIR)/Frameworks";
				LD_RUNPATH_SEARCH_PATHS = (
					"$(inherited)",
					"@executable_path/Frameworks",
					"@loader_path/Frameworks",
				);
				MARKETING_VERSION = 1.0;
				PRODUCT_BUNDLE_IDENTIFIER = mil.nga.grid;
				PRODUCT_NAME = "$(TARGET_NAME:c99extidentifier)";
				PROVISIONING_PROFILE_SPECIFIER = "";
				"PROVISIONING_PROFILE_SPECIFIER[sdk=macosx*]" = "";
				SKIP_INSTALL = YES;
				SWIFT_EMIT_LOC_STRINGS = YES;
				SWIFT_OPTIMIZATION_LEVEL = "-Onone";
				SWIFT_VERSION = 5.0;
				TARGETED_DEVICE_FAMILY = "1,2";
			};
			name = Debug;
		};
		042820012899BD7F00026382 /* Release */ = {
			isa = XCBuildConfiguration;
			baseConfigurationReference = 3295100FC695C71079321C28 /* Pods-grid-ios.release.xcconfig */;
			buildSettings = {
				CLANG_ENABLE_MODULES = YES;
				CODE_SIGN_STYLE = Manual;
				CURRENT_PROJECT_VERSION = 1;
				DEFINES_MODULE = YES;
				DEVELOPMENT_TEAM = "";
				DYLIB_COMPATIBILITY_VERSION = 1;
				DYLIB_CURRENT_VERSION = 1;
				DYLIB_INSTALL_NAME_BASE = "@rpath";
				GENERATE_INFOPLIST_FILE = YES;
				INFOPLIST_KEY_NSHumanReadableCopyright = "";
				INSTALL_PATH = "$(LOCAL_LIBRARY_DIR)/Frameworks";
				LD_RUNPATH_SEARCH_PATHS = (
					"$(inherited)",
					"@executable_path/Frameworks",
					"@loader_path/Frameworks",
				);
				MARKETING_VERSION = 1.0;
				PRODUCT_BUNDLE_IDENTIFIER = mil.nga.grid;
				PRODUCT_NAME = "$(TARGET_NAME:c99extidentifier)";
				PROVISIONING_PROFILE_SPECIFIER = "";
				"PROVISIONING_PROFILE_SPECIFIER[sdk=macosx*]" = "";
				SKIP_INSTALL = YES;
				SWIFT_EMIT_LOC_STRINGS = YES;
				SWIFT_VERSION = 5.0;
				TARGETED_DEVICE_FAMILY = "1,2";
			};
			name = Release;
		};
		042820032899BD7F00026382 /* Debug */ = {
			isa = XCBuildConfiguration;
			baseConfigurationReference = 43F6D866DB2D2299E81BE1D4 /* Pods-grid-ios-grid-iosTests.debug.xcconfig */;
			buildSettings = {
				ALWAYS_EMBED_SWIFT_STANDARD_LIBRARIES = YES;
				CODE_SIGN_STYLE = Automatic;
				CURRENT_PROJECT_VERSION = 1;
				GENERATE_INFOPLIST_FILE = YES;
				MARKETING_VERSION = 1.0;
				PRODUCT_BUNDLE_IDENTIFIER = "mil.nga.grid-iosTests";
				PRODUCT_NAME = "$(TARGET_NAME)";
				SWIFT_EMIT_LOC_STRINGS = NO;
				SWIFT_VERSION = 5.0;
				TARGETED_DEVICE_FAMILY = "1,2";
			};
			name = Debug;
		};
		042820042899BD7F00026382 /* Release */ = {
			isa = XCBuildConfiguration;
			baseConfigurationReference = 4E9E5249E3C73D594F06BCAF /* Pods-grid-ios-grid-iosTests.release.xcconfig */;
			buildSettings = {
				ALWAYS_EMBED_SWIFT_STANDARD_LIBRARIES = YES;
				CODE_SIGN_STYLE = Automatic;
				CURRENT_PROJECT_VERSION = 1;
				GENERATE_INFOPLIST_FILE = YES;
				MARKETING_VERSION = 1.0;
				PRODUCT_BUNDLE_IDENTIFIER = "mil.nga.grid-iosTests";
				PRODUCT_NAME = "$(TARGET_NAME)";
				SWIFT_EMIT_LOC_STRINGS = NO;
				SWIFT_VERSION = 5.0;
				TARGETED_DEVICE_FAMILY = "1,2";
			};
			name = Release;
		};
/* End XCBuildConfiguration section */

/* Begin XCConfigurationList section */
		04281FE72899BD7F00026382 /* Build configuration list for PBXProject "grid-ios" */ = {
			isa = XCConfigurationList;
			buildConfigurations = (
				04281FFD2899BD7F00026382 /* Debug */,
				04281FFE2899BD7F00026382 /* Release */,
			);
			defaultConfigurationIsVisible = 0;
			defaultConfigurationName = Release;
		};
		04281FFF2899BD7F00026382 /* Build configuration list for PBXNativeTarget "grid-ios" */ = {
			isa = XCConfigurationList;
			buildConfigurations = (
				042820002899BD7F00026382 /* Debug */,
				042820012899BD7F00026382 /* Release */,
			);
			defaultConfigurationIsVisible = 0;
			defaultConfigurationName = Release;
		};
		042820022899BD7F00026382 /* Build configuration list for PBXNativeTarget "grid-iosTests" */ = {
			isa = XCConfigurationList;
			buildConfigurations = (
				042820032899BD7F00026382 /* Debug */,
				042820042899BD7F00026382 /* Release */,
			);
			defaultConfigurationIsVisible = 0;
			defaultConfigurationName = Release;
		};
/* End XCConfigurationList section */
	};
	rootObject = 04281FE42899BD7F00026382 /* Project object */;
}
